
Microsoft Visual Studio Solution File, Format Version 12.00
# Visual Studio Version 17
VisualStudioVersion = 17.8.34316.72
MinimumVisualStudioVersion = 10.0.40219.1
Project("{9A19103F-16F7-4668-BE54-9A1E7A4F7556}") = "Web_Shop.RestAPI", "Web_Shop.RestAPI\Web_Shop.RestAPI.csproj", "{FF5297F1-66ED-45AF-B041-5A3CF9D18D80}"
EndProject
Project("{9A19103F-16F7-4668-BE54-9A1E7A4F7556}") = "Web_Shop.Persistence.MySQL", "Web_Shop.Persistence.MySQL\Web_Shop.Persistence.MySQL.csproj", "{B696C430-5D2E-4FFA-BF72-B0A0F9D72617}"
EndProject
Project("{E53339B2-1760-4266-BCC7-CA923CBCF16C}") = "docker-compose", "docker-compose.dcproj", "{E12A9F93-4F5D-4154-86D1-F7E80A9D796A}"
EndProject
Project("{9A19103F-16F7-4668-BE54-9A1E7A4F7556}") = "Web_Shop.Persistence", "Web_Shop.Persistence\Web_Shop.Persistence.csproj", "{9855C0D6-518E-4B27-B43E-8F9FEAA6DF7F}"
EndProject
Project("{9A19103F-16F7-4668-BE54-9A1E7A4F7556}") = "Web_Shop.Application", "Web_Shop.Application\Web_Shop.Application.csproj", "{72CDBF84-FA88-4B86-8024-8D98F5343F94}"
EndProject
Project("{2150E333-8FDC-42A3-9474-1A3956D46DE8}") = "Tests", "Tests", "{E9010150-32EF-49C8-AA4C-BD0893EC2A39}"
EndProject
Project("{9A19103F-16F7-4668-BE54-9A1E7A4F7556}") = "Web_Shop.Tests_InMemoryDB", "Web_Shop.Tests\Web_Shop.Tests_InMemoryDB\Web_Shop.Tests_InMemoryDB.csproj", "{D92446AE-59BE-477F-B1B0-704D5DC01A86}"
EndProject
Project("{9A19103F-16F7-4668-BE54-9A1E7A4F7556}") = "Web_Shop.Tests.Common", "Web_Shop.Tests\Web_Shop.Tests.Common\Web_Shop.Tests.Common.csproj", "{411936C6-9121-43A6-AE5D-DDA4B25A73B4}"
EndProject
Project("{9A19103F-16F7-4668-BE54-9A1E7A4F7556}") = "Web_Shop.UnitTests", "Web_Shop.Tests\Web_Shop.UnitTests\Web_Shop.UnitTests.csproj", "{D068CCBF-65F0-499F-A0D4-B5D4B9C464CF}"
EndProject
Project("{9A19103F-16F7-4668-BE54-9A1E7A4F7556}") = "WebShop.Tests.Repository", "Web_Shop.Tests\WebShop.Tests.Repository\WebShop.Tests.Repository.csproj", "{D5EFB6BF-A8FA-4A06-AEC5-EDD349DF62EE}"
EndProject
Project("{9A19103F-16F7-4668-BE54-9A1E7A4F7556}") = "Web_Shop.Tests.E2E", "Web_Shop.Tests\Web_Shop.Tests.E2E\Web_Shop.Tests.E2E.csproj", "{82A78EAB-D716-4903-88F1-E9166A264E10}"
EndProject
Global
	GlobalSection(SolutionConfigurationPlatforms) = preSolution
		Debug|Any CPU = Debug|Any CPU
		Release|Any CPU = Release|Any CPU
	EndGlobalSection
	GlobalSection(ProjectConfigurationPlatforms) = postSolution
		{FF5297F1-66ED-45AF-B041-5A3CF9D18D80}.Debug|Any CPU.ActiveCfg = Debug|Any CPU
		{FF5297F1-66ED-45AF-B041-5A3CF9D18D80}.Debug|Any CPU.Build.0 = Debug|Any CPU
		{FF5297F1-66ED-45AF-B041-5A3CF9D18D80}.Release|Any CPU.ActiveCfg = Release|Any CPU
		{FF5297F1-66ED-45AF-B041-5A3CF9D18D80}.Release|Any CPU.Build.0 = Release|Any CPU
		{B696C430-5D2E-4FFA-BF72-B0A0F9D72617}.Debug|Any CPU.ActiveCfg = Debug|Any CPU
		{B696C430-5D2E-4FFA-BF72-B0A0F9D72617}.Debug|Any CPU.Build.0 = Debug|Any CPU
		{B696C430-5D2E-4FFA-BF72-B0A0F9D72617}.Release|Any CPU.ActiveCfg = Release|Any CPU
		{B696C430-5D2E-4FFA-BF72-B0A0F9D72617}.Release|Any CPU.Build.0 = Release|Any CPU
		{E12A9F93-4F5D-4154-86D1-F7E80A9D796A}.Debug|Any CPU.ActiveCfg = Debug|Any CPU
		{E12A9F93-4F5D-4154-86D1-F7E80A9D796A}.Debug|Any CPU.Build.0 = Debug|Any CPU
		{E12A9F93-4F5D-4154-86D1-F7E80A9D796A}.Release|Any CPU.ActiveCfg = Release|Any CPU
		{E12A9F93-4F5D-4154-86D1-F7E80A9D796A}.Release|Any CPU.Build.0 = Release|Any CPU
		{9855C0D6-518E-4B27-B43E-8F9FEAA6DF7F}.Debug|Any CPU.ActiveCfg = Debug|Any CPU
		{9855C0D6-518E-4B27-B43E-8F9FEAA6DF7F}.Debug|Any CPU.Build.0 = Debug|Any CPU
		{9855C0D6-518E-4B27-B43E-8F9FEAA6DF7F}.Release|Any CPU.ActiveCfg = Release|Any CPU
		{9855C0D6-518E-4B27-B43E-8F9FEAA6DF7F}.Release|Any CPU.Build.0 = Release|Any CPU
		{72CDBF84-FA88-4B86-8024-8D98F5343F94}.Debug|Any CPU.ActiveCfg = Debug|Any CPU
		{72CDBF84-FA88-4B86-8024-8D98F5343F94}.Debug|Any CPU.Build.0 = Debug|Any CPU
		{72CDBF84-FA88-4B86-8024-8D98F5343F94}.Release|Any CPU.ActiveCfg = Release|Any CPU
		{72CDBF84-FA88-4B86-8024-8D98F5343F94}.Release|Any CPU.Build.0 = Release|Any CPU
		{D92446AE-59BE-477F-B1B0-704D5DC01A86}.Debug|Any CPU.ActiveCfg = Debug|Any CPU
		{D92446AE-59BE-477F-B1B0-704D5DC01A86}.Debug|Any CPU.Build.0 = Debug|Any CPU
		{D92446AE-59BE-477F-B1B0-704D5DC01A86}.Release|Any CPU.ActiveCfg = Release|Any CPU
		{D92446AE-59BE-477F-B1B0-704D5DC01A86}.Release|Any CPU.Build.0 = Release|Any CPU
		{411936C6-9121-43A6-AE5D-DDA4B25A73B4}.Debug|Any CPU.ActiveCfg = Debug|Any CPU
		{411936C6-9121-43A6-AE5D-DDA4B25A73B4}.Debug|Any CPU.Build.0 = Debug|Any CPU
		{411936C6-9121-43A6-AE5D-DDA4B25A73B4}.Release|Any CPU.ActiveCfg = Release|Any CPU
		{411936C6-9121-43A6-AE5D-DDA4B25A73B4}.Release|Any CPU.Build.0 = Release|Any CPU
		{D068CCBF-65F0-499F-A0D4-B5D4B9C464CF}.Debug|Any CPU.ActiveCfg = Debug|Any CPU
		{D068CCBF-65F0-499F-A0D4-B5D4B9C464CF}.Debug|Any CPU.Build.0 = Debug|Any CPU
		{D068CCBF-65F0-499F-A0D4-B5D4B9C464CF}.Release|Any CPU.ActiveCfg = Release|Any CPU
		{D068CCBF-65F0-499F-A0D4-B5D4B9C464CF}.Release|Any CPU.Build.0 = Release|Any CPU
		{D5EFB6BF-A8FA-4A06-AEC5-EDD349DF62EE}.Debug|Any CPU.ActiveCfg = Debug|Any CPU
		{D5EFB6BF-A8FA-4A06-AEC5-EDD349DF62EE}.Debug|Any CPU.Build.0 = Debug|Any CPU
		{D5EFB6BF-A8FA-4A06-AEC5-EDD349DF62EE}.Release|Any CPU.ActiveCfg = Release|Any CPU
		{D5EFB6BF-A8FA-4A06-AEC5-EDD349DF62EE}.Release|Any CPU.Build.0 = Release|Any CPU
		{82A78EAB-D716-4903-88F1-E9166A264E10}.Debug|Any CPU.ActiveCfg = Debug|Any CPU
		{82A78EAB-D716-4903-88F1-E9166A264E10}.Debug|Any CPU.Build.0 = Debug|Any CPU
		{82A78EAB-D716-4903-88F1-E9166A264E10}.Release|Any CPU.ActiveCfg = Release|Any CPU
		{82A78EAB-D716-4903-88F1-E9166A264E10}.Release|Any CPU.Build.0 = Release|Any CPU
	EndGlobalSection
	GlobalSection(SolutionProperties) = preSolution
		HideSolutionNode = FALSE
	EndGlobalSection
	GlobalSection(NestedProjects) = preSolution
		{D92446AE-59BE-477F-B1B0-704D5DC01A86} = {E9010150-32EF-49C8-AA4C-BD0893EC2A39}
		{411936C6-9121-43A6-AE5D-DDA4B25A73B4} = {E9010150-32EF-49C8-AA4C-BD0893EC2A39}
		{D068CCBF-65F0-499F-A0D4-B5D4B9C464CF} = {E9010150-32EF-49C8-AA4C-BD0893EC2A39}
		{D5EFB6BF-A8FA-4A06-AEC5-EDD349DF62EE} = {E9010150-32EF-49C8-AA4C-BD0893EC2A39}
		{82A78EAB-D716-4903-88F1-E9166A264E10} = {E9010150-32EF-49C8-AA4C-BD0893EC2A39}
	EndGlobalSection
	GlobalSection(ExtensibilityGlobals) = postSolution
		SolutionGuid = {47BBA381-2883-40C2-9FC0-6698AD417397}
	EndGlobalSection
EndGlobal
